
Microsoft Visual Studio Solution File, Format Version 12.00
# Visual Studio Version 17
VisualStudioVersion = 17.8.34330.188
MinimumVisualStudioVersion = 10.0.40219.1
Project("{FAE04EC0-301F-11D3-BF4B-00C04F79EFBC}") = "RealEstateProject", "RealEstateProject\RealEstateProject.csproj", "{8E74457A-4973-4708-B886-EF5A155B45F0}"
EndProject
Global
	GlobalSection(SolutionConfigurationPlatforms) = preSolution
		Debug|Any CPU = Debug|Any CPU
		Release|Any CPU = Release|Any CPU
	EndGlobalSection
	GlobalSection(ProjectConfigurationPlatforms) = postSolution
		{8E74457A-4973-4708-B886-EF5A155B45F0}.Debug|Any CPU.ActiveCfg = Debug|Any CPU
		{8E74457A-4973-4708-B886-EF5A155B45F0}.Debug|Any CPU.Build.0 = Debug|Any CPU
		{8E74457A-4973-4708-B886-EF5A155B45F0}.Release|Any CPU.ActiveCfg = Release|Any CPU
		{8E74457A-4973-4708-B886-EF5A155B45F0}.Release|Any CPU.Build.0 = Release|Any CPU
	EndGlobalSection
	GlobalSection(SolutionProperties) = preSolution
		HideSolutionNode = FALSE
	EndGlobalSection
	GlobalSection(ExtensibilityGlobals) = postSolution
		SolutionGuid = {9C71E681-5598-4E67-81CC-F96B83A40B89}
	EndGlobalSection
EndGlobal
